// !$*UTF8*$!
{
	archiveVersion = 1;
	classes = {
	};
	objectVersion = 46;
	objects = {

/* Begin PBXBuildFile section */
		1194937C41C7699BC8F5AE29 /* Pods_1_GallonUITests.framework in Frameworks */ = {isa = PBXBuildFile; fileRef = 741AC22C2518734C272A4D5C /* Pods_1_GallonUITests.framework */; };
		5213FD35994A99F327F8061B /* Pods_1_GallonTests.framework in Frameworks */ = {isa = PBXBuildFile; fileRef = C5C22A1478567B31A4EC53F8 /* Pods_1_GallonTests.framework */; };
		8388F6991DEA503F00DC1056 /* DrinkLogTableViewCell.swift in Sources */ = {isa = PBXBuildFile; fileRef = 8388F6981DEA503F00DC1056 /* DrinkLogTableViewCell.swift */; };
		83B24CBF1DEA6ECA0010C029 /* TypeTableViewCell.swift in Sources */ = {isa = PBXBuildFile; fileRef = 83B24CBE1DEA6ECA0010C029 /* TypeTableViewCell.swift */; };
		83B24CC11DEA6EDE0010C029 /* SettingsViewController.swift in Sources */ = {isa = PBXBuildFile; fileRef = 83B24CC01DEA6EDE0010C029 /* SettingsViewController.swift */; };
		83E1728E1DD5317B00AD2BEF /* AppDelegate.swift in Sources */ = {isa = PBXBuildFile; fileRef = 83E1728D1DD5317B00AD2BEF /* AppDelegate.swift */; };
		83E172901DD5317B00AD2BEF /* ViewController.swift in Sources */ = {isa = PBXBuildFile; fileRef = 83E1728F1DD5317B00AD2BEF /* ViewController.swift */; };
		83E172931DD5317B00AD2BEF /* Main.storyboard in Resources */ = {isa = PBXBuildFile; fileRef = 83E172911DD5317B00AD2BEF /* Main.storyboard */; };
		83E172961DD5317B00AD2BEF /* __Gallon.xcdatamodeld in Sources */ = {isa = PBXBuildFile; fileRef = 83E172941DD5317B00AD2BEF /* __Gallon.xcdatamodeld */; };
		83E172981DD5317B00AD2BEF /* Assets.xcassets in Resources */ = {isa = PBXBuildFile; fileRef = 83E172971DD5317B00AD2BEF /* Assets.xcassets */; };
		83E1729B1DD5317B00AD2BEF /* LaunchScreen.storyboard in Resources */ = {isa = PBXBuildFile; fileRef = 83E172991DD5317B00AD2BEF /* LaunchScreen.storyboard */; };
		83E172A61DD5317B00AD2BEF /* __GallonTests.swift in Sources */ = {isa = PBXBuildFile; fileRef = 83E172A51DD5317B00AD2BEF /* __GallonTests.swift */; };
		83E172B11DD5317B00AD2BEF /* __GallonUITests.swift in Sources */ = {isa = PBXBuildFile; fileRef = 83E172B01DD5317B00AD2BEF /* __GallonUITests.swift */; };
		CA0E488FB108F8AB5C1D70BA /* Pods_1_Gallon.framework in Frameworks */ = {isa = PBXBuildFile; fileRef = 8950037279582E13634F8E7F /* Pods_1_Gallon.framework */; };
/* End PBXBuildFile section */

/* Begin PBXContainerItemProxy section */
		83E172A21DD5317B00AD2BEF /* PBXContainerItemProxy */ = {
			isa = PBXContainerItemProxy;
			containerPortal = 83E172821DD5317A00AD2BEF /* Project object */;
			proxyType = 1;
			remoteGlobalIDString = 83E172891DD5317A00AD2BEF;
			remoteInfo = "1 Gallon";
		};
		83E172AD1DD5317B00AD2BEF /* PBXContainerItemProxy */ = {
			isa = PBXContainerItemProxy;
			containerPortal = 83E172821DD5317A00AD2BEF /* Project object */;
			proxyType = 1;
			remoteGlobalIDString = 83E172891DD5317A00AD2BEF;
			remoteInfo = "1 Gallon";
		};
/* End PBXContainerItemProxy section */

/* Begin PBXFileReference section */
		074DDAA0F3126D4C682F6F79 /* Pods-1 GallonTests.release.xcconfig */ = {isa = PBXFileReference; includeInIndex = 1; lastKnownFileType = text.xcconfig; name = "Pods-1 GallonTests.release.xcconfig"; path = "Pods/Target Support Files/Pods-1 GallonTests/Pods-1 GallonTests.release.xcconfig"; sourceTree = "<group>"; };
		59B51B2D3947B0A1B8B1D14B /* Pods-1 Gallon.debug.xcconfig */ = {isa = PBXFileReference; includeInIndex = 1; lastKnownFileType = text.xcconfig; name = "Pods-1 Gallon.debug.xcconfig"; path = "Pods/Target Support Files/Pods-1 Gallon/Pods-1 Gallon.debug.xcconfig"; sourceTree = "<group>"; };
		6A367F6F6BD07E1A16EF9634 /* Pods-1 GallonTests.debug.xcconfig */ = {isa = PBXFileReference; includeInIndex = 1; lastKnownFileType = text.xcconfig; name = "Pods-1 GallonTests.debug.xcconfig"; path = "Pods/Target Support Files/Pods-1 GallonTests/Pods-1 GallonTests.debug.xcconfig"; sourceTree = "<group>"; };
		741AC22C2518734C272A4D5C /* Pods_1_GallonUITests.framework */ = {isa = PBXFileReference; explicitFileType = wrapper.framework; includeInIndex = 0; path = Pods_1_GallonUITests.framework; sourceTree = BUILT_PRODUCTS_DIR; };
		8388F6981DEA503F00DC1056 /* DrinkLogTableViewCell.swift */ = {isa = PBXFileReference; fileEncoding = 4; lastKnownFileType = sourcecode.swift; path = DrinkLogTableViewCell.swift; sourceTree = "<group>"; };
		83B24CBE1DEA6ECA0010C029 /* TypeTableViewCell.swift */ = {isa = PBXFileReference; fileEncoding = 4; lastKnownFileType = sourcecode.swift; path = TypeTableViewCell.swift; sourceTree = "<group>"; };
		83B24CC01DEA6EDE0010C029 /* SettingsViewController.swift */ = {isa = PBXFileReference; fileEncoding = 4; lastKnownFileType = sourcecode.swift; path = SettingsViewController.swift; sourceTree = "<group>"; };
		83E1728A1DD5317B00AD2BEF /* 1 Gallon.app */ = {isa = PBXFileReference; explicitFileType = wrapper.application; includeInIndex = 0; path = "1 Gallon.app"; sourceTree = BUILT_PRODUCTS_DIR; };
		83E1728D1DD5317B00AD2BEF /* AppDelegate.swift */ = {isa = PBXFileReference; lastKnownFileType = sourcecode.swift; path = AppDelegate.swift; sourceTree = "<group>"; };
		83E1728F1DD5317B00AD2BEF /* ViewController.swift */ = {isa = PBXFileReference; lastKnownFileType = sourcecode.swift; path = ViewController.swift; sourceTree = "<group>"; };
		83E172921DD5317B00AD2BEF /* Base */ = {isa = PBXFileReference; lastKnownFileType = file.storyboard; name = Base; path = Base.lproj/Main.storyboard; sourceTree = "<group>"; };
		83E172951DD5317B00AD2BEF /* __Gallon.xcdatamodel */ = {isa = PBXFileReference; lastKnownFileType = wrapper.xcdatamodel; path = __Gallon.xcdatamodel; sourceTree = "<group>"; };
		83E172971DD5317B00AD2BEF /* Assets.xcassets */ = {isa = PBXFileReference; lastKnownFileType = folder.assetcatalog; path = Assets.xcassets; sourceTree = "<group>"; };
		83E1729A1DD5317B00AD2BEF /* Base */ = {isa = PBXFileReference; lastKnownFileType = file.storyboard; name = Base; path = Base.lproj/LaunchScreen.storyboard; sourceTree = "<group>"; };
		83E1729C1DD5317B00AD2BEF /* Info.plist */ = {isa = PBXFileReference; lastKnownFileType = text.plist.xml; path = Info.plist; sourceTree = "<group>"; };
		83E172A11DD5317B00AD2BEF /* 1 GallonTests.xctest */ = {isa = PBXFileReference; explicitFileType = wrapper.cfbundle; includeInIndex = 0; path = "1 GallonTests.xctest"; sourceTree = BUILT_PRODUCTS_DIR; };
		83E172A51DD5317B00AD2BEF /* __GallonTests.swift */ = {isa = PBXFileReference; lastKnownFileType = sourcecode.swift; path = __GallonTests.swift; sourceTree = "<group>"; };
		83E172A71DD5317B00AD2BEF /* Info.plist */ = {isa = PBXFileReference; lastKnownFileType = text.plist.xml; path = Info.plist; sourceTree = "<group>"; };
		83E172AC1DD5317B00AD2BEF /* 1 GallonUITests.xctest */ = {isa = PBXFileReference; explicitFileType = wrapper.cfbundle; includeInIndex = 0; path = "1 GallonUITests.xctest"; sourceTree = BUILT_PRODUCTS_DIR; };
		83E172B01DD5317B00AD2BEF /* __GallonUITests.swift */ = {isa = PBXFileReference; lastKnownFileType = sourcecode.swift; path = __GallonUITests.swift; sourceTree = "<group>"; };
		83E172B21DD5317B00AD2BEF /* Info.plist */ = {isa = PBXFileReference; lastKnownFileType = text.plist.xml; path = Info.plist; sourceTree = "<group>"; };
		8950037279582E13634F8E7F /* Pods_1_Gallon.framework */ = {isa = PBXFileReference; explicitFileType = wrapper.framework; includeInIndex = 0; path = Pods_1_Gallon.framework; sourceTree = BUILT_PRODUCTS_DIR; };
		8BD0420EAB59514DEE9B75A1 /* Pods-1 Gallon.release.xcconfig */ = {isa = PBXFileReference; includeInIndex = 1; lastKnownFileType = text.xcconfig; name = "Pods-1 Gallon.release.xcconfig"; path = "Pods/Target Support Files/Pods-1 Gallon/Pods-1 Gallon.release.xcconfig"; sourceTree = "<group>"; };
		C5C22A1478567B31A4EC53F8 /* Pods_1_GallonTests.framework */ = {isa = PBXFileReference; explicitFileType = wrapper.framework; includeInIndex = 0; path = Pods_1_GallonTests.framework; sourceTree = BUILT_PRODUCTS_DIR; };
		CF0CC5D7968060BCA9658AA1 /* Pods-1 GallonUITests.debug.xcconfig */ = {isa = PBXFileReference; includeInIndex = 1; lastKnownFileType = text.xcconfig; name = "Pods-1 GallonUITests.debug.xcconfig"; path = "Pods/Target Support Files/Pods-1 GallonUITests/Pods-1 GallonUITests.debug.xcconfig"; sourceTree = "<group>"; };
		EA53C9B5AC13E7F3928F472D /* Pods-1 GallonUITests.release.xcconfig */ = {isa = PBXFileReference; includeInIndex = 1; lastKnownFileType = text.xcconfig; name = "Pods-1 GallonUITests.release.xcconfig"; path = "Pods/Target Support Files/Pods-1 GallonUITests/Pods-1 GallonUITests.release.xcconfig"; sourceTree = "<group>"; };
/* End PBXFileReference section */

/* Begin PBXFrameworksBuildPhase section */
		83E172871DD5317A00AD2BEF /* Frameworks */ = {
			isa = PBXFrameworksBuildPhase;
			buildActionMask = 2147483647;
			files = (
				CA0E488FB108F8AB5C1D70BA /* Pods_1_Gallon.framework in Frameworks */,
			);
			runOnlyForDeploymentPostprocessing = 0;
		};
		83E1729E1DD5317B00AD2BEF /* Frameworks */ = {
			isa = PBXFrameworksBuildPhase;
			buildActionMask = 2147483647;
			files = (
				5213FD35994A99F327F8061B /* Pods_1_GallonTests.framework in Frameworks */,
			);
			runOnlyForDeploymentPostprocessing = 0;
		};
		83E172A91DD5317B00AD2BEF /* Frameworks */ = {
			isa = PBXFrameworksBuildPhase;
			buildActionMask = 2147483647;
			files = (
				1194937C41C7699BC8F5AE29 /* Pods_1_GallonUITests.framework in Frameworks */,
			);
			runOnlyForDeploymentPostprocessing = 0;
		};
/* End PBXFrameworksBuildPhase section */

/* Begin PBXGroup section */
		83E172811DD5317A00AD2BEF = {
			isa = PBXGroup;
			children = (
				83E1728C1DD5317B00AD2BEF /* 1 Gallon */,
				83E172A41DD5317B00AD2BEF /* 1 GallonTests */,
				83E172AF1DD5317B00AD2BEF /* 1 GallonUITests */,
				83E1728B1DD5317B00AD2BEF /* Products */,
				B65224C41B3CF53EF7F312E1 /* Pods */,
				8A7EF68AFDFD431E56FAC33D /* Frameworks */,
			);
			sourceTree = "<group>";
		};
		83E1728B1DD5317B00AD2BEF /* Products */ = {
			isa = PBXGroup;
			children = (
				83E1728A1DD5317B00AD2BEF /* 1 Gallon.app */,
				83E172A11DD5317B00AD2BEF /* 1 GallonTests.xctest */,
				83E172AC1DD5317B00AD2BEF /* 1 GallonUITests.xctest */,
			);
			name = Products;
			sourceTree = "<group>";
		};
		83E1728C1DD5317B00AD2BEF /* 1 Gallon */ = {
			isa = PBXGroup;
			children = (
				83E1728D1DD5317B00AD2BEF /* AppDelegate.swift */,
				83E1728F1DD5317B00AD2BEF /* ViewController.swift */,
				83E172911DD5317B00AD2BEF /* Main.storyboard */,
				83B24CC01DEA6EDE0010C029 /* SettingsViewController.swift */,
				83B24CBE1DEA6ECA0010C029 /* TypeTableViewCell.swift */,
				8388F6981DEA503F00DC1056 /* DrinkLogTableViewCell.swift */,
				83E172971DD5317B00AD2BEF /* Assets.xcassets */,
				83E172991DD5317B00AD2BEF /* LaunchScreen.storyboard */,
				83E1729C1DD5317B00AD2BEF /* Info.plist */,
				83E172941DD5317B00AD2BEF /* __Gallon.xcdatamodeld */,
			);
			path = "1 Gallon";
			sourceTree = "<group>";
		};
		83E172A41DD5317B00AD2BEF /* 1 GallonTests */ = {
			isa = PBXGroup;
			children = (
				83E172A51DD5317B00AD2BEF /* __GallonTests.swift */,
				83E172A71DD5317B00AD2BEF /* Info.plist */,
			);
			path = "1 GallonTests";
			sourceTree = "<group>";
		};
		83E172AF1DD5317B00AD2BEF /* 1 GallonUITests */ = {
			isa = PBXGroup;
			children = (
				83E172B01DD5317B00AD2BEF /* __GallonUITests.swift */,
				83E172B21DD5317B00AD2BEF /* Info.plist */,
			);
			path = "1 GallonUITests";
			sourceTree = "<group>";
		};
		8A7EF68AFDFD431E56FAC33D /* Frameworks */ = {
			isa = PBXGroup;
			children = (
				8950037279582E13634F8E7F /* Pods_1_Gallon.framework */,
				C5C22A1478567B31A4EC53F8 /* Pods_1_GallonTests.framework */,
				741AC22C2518734C272A4D5C /* Pods_1_GallonUITests.framework */,
			);
			name = Frameworks;
			sourceTree = "<group>";
		};
		B65224C41B3CF53EF7F312E1 /* Pods */ = {
			isa = PBXGroup;
			children = (
				59B51B2D3947B0A1B8B1D14B /* Pods-1 Gallon.debug.xcconfig */,
				8BD0420EAB59514DEE9B75A1 /* Pods-1 Gallon.release.xcconfig */,
				6A367F6F6BD07E1A16EF9634 /* Pods-1 GallonTests.debug.xcconfig */,
				074DDAA0F3126D4C682F6F79 /* Pods-1 GallonTests.release.xcconfig */,
				CF0CC5D7968060BCA9658AA1 /* Pods-1 GallonUITests.debug.xcconfig */,
				EA53C9B5AC13E7F3928F472D /* Pods-1 GallonUITests.release.xcconfig */,
			);
			name = Pods;
			sourceTree = "<group>";
		};
/* End PBXGroup section */

/* Begin PBXNativeTarget section */
		83E172891DD5317A00AD2BEF /* 1 Gallon */ = {
			isa = PBXNativeTarget;
			buildConfigurationList = 83E172B51DD5317B00AD2BEF /* Build configuration list for PBXNativeTarget "1 Gallon" */;
			buildPhases = (
				127C207B8DD3CBDF992259C2 /* [CP] Check Pods Manifest.lock */,
				83E172861DD5317A00AD2BEF /* Sources */,
				83E172871DD5317A00AD2BEF /* Frameworks */,
				83E172881DD5317A00AD2BEF /* Resources */,
				AF7822BDA6A60E4A1ED21882 /* [CP] Embed Pods Frameworks */,
				87D99C0B6FE0E33C304B591E /* [CP] Copy Pods Resources */,
			);
			buildRules = (
			);
			dependencies = (
			);
			name = "1 Gallon";
			productName = "1 Gallon";
			productReference = 83E1728A1DD5317B00AD2BEF /* 1 Gallon.app */;
			productType = "com.apple.product-type.application";
		};
		83E172A01DD5317B00AD2BEF /* 1 GallonTests */ = {
			isa = PBXNativeTarget;
			buildConfigurationList = 83E172B81DD5317B00AD2BEF /* Build configuration list for PBXNativeTarget "1 GallonTests" */;
			buildPhases = (
				514FCED920E1FAB60EB2BE9F /* [CP] Check Pods Manifest.lock */,
				83E1729D1DD5317B00AD2BEF /* Sources */,
				83E1729E1DD5317B00AD2BEF /* Frameworks */,
				83E1729F1DD5317B00AD2BEF /* Resources */,
				7998D3814B77183F0DC94099 /* [CP] Embed Pods Frameworks */,
				B0B80023C5CA6D7381FB3FA2 /* [CP] Copy Pods Resources */,
			);
			buildRules = (
			);
			dependencies = (
				83E172A31DD5317B00AD2BEF /* PBXTargetDependency */,
			);
			name = "1 GallonTests";
			productName = "1 GallonTests";
			productReference = 83E172A11DD5317B00AD2BEF /* 1 GallonTests.xctest */;
			productType = "com.apple.product-type.bundle.unit-test";
		};
		83E172AB1DD5317B00AD2BEF /* 1 GallonUITests */ = {
			isa = PBXNativeTarget;
			buildConfigurationList = 83E172BB1DD5317B00AD2BEF /* Build configuration list for PBXNativeTarget "1 GallonUITests" */;
			buildPhases = (
				666C8157C9E5DE519520C65F /* [CP] Check Pods Manifest.lock */,
				83E172A81DD5317B00AD2BEF /* Sources */,
				83E172A91DD5317B00AD2BEF /* Frameworks */,
				83E172AA1DD5317B00AD2BEF /* Resources */,
				1733A0DF88A2AC87E7C38B16 /* [CP] Embed Pods Frameworks */,
				35B1B782D633CFD6E5EC9388 /* [CP] Copy Pods Resources */,
			);
			buildRules = (
			);
			dependencies = (
				83E172AE1DD5317B00AD2BEF /* PBXTargetDependency */,
			);
			name = "1 GallonUITests";
			productName = "1 GallonUITests";
			productReference = 83E172AC1DD5317B00AD2BEF /* 1 GallonUITests.xctest */;
			productType = "com.apple.product-type.bundle.ui-testing";
		};
/* End PBXNativeTarget section */

/* Begin PBXProject section */
		83E172821DD5317A00AD2BEF /* Project object */ = {
			isa = PBXProject;
			attributes = {
				LastSwiftUpdateCheck = 0810;
				LastUpgradeCheck = 0810;
				ORGANIZATIONNAME = AloaLabs;
				TargetAttributes = {
					83E172891DD5317A00AD2BEF = {
						CreatedOnToolsVersion = 8.1;
						DevelopmentTeam = XHYYL9F4G2;
						LastSwiftMigration = 0810;
						ProvisioningStyle = Automatic;
					};
					83E172A01DD5317B00AD2BEF = {
						CreatedOnToolsVersion = 8.1;
						DevelopmentTeam = XHYYL9F4G2;
						LastSwiftMigration = 0810;
						ProvisioningStyle = Automatic;
						TestTargetID = 83E172891DD5317A00AD2BEF;
					};
					83E172AB1DD5317B00AD2BEF = {
						CreatedOnToolsVersion = 8.1;
						DevelopmentTeam = XHYYL9F4G2;
						LastSwiftMigration = 0810;
						ProvisioningStyle = Automatic;
						TestTargetID = 83E172891DD5317A00AD2BEF;
					};
				};
			};
			buildConfigurationList = 83E172851DD5317A00AD2BEF /* Build configuration list for PBXProject "1 Gallon" */;
			compatibilityVersion = "Xcode 3.2";
			developmentRegion = English;
			hasScannedForEncodings = 0;
			knownRegions = (
				en,
				Base,
			);
			mainGroup = 83E172811DD5317A00AD2BEF;
			productRefGroup = 83E1728B1DD5317B00AD2BEF /* Products */;
			projectDirPath = "";
			projectRoot = "";
			targets = (
				83E172891DD5317A00AD2BEF /* 1 Gallon */,
				83E172A01DD5317B00AD2BEF /* 1 GallonTests */,
				83E172AB1DD5317B00AD2BEF /* 1 GallonUITests */,
			);
		};
/* End PBXProject section */

/* Begin PBXResourcesBuildPhase section */
		83E172881DD5317A00AD2BEF /* Resources */ = {
			isa = PBXResourcesBuildPhase;
			buildActionMask = 2147483647;
			files = (
				83E1729B1DD5317B00AD2BEF /* LaunchScreen.storyboard in Resources */,
				83E172981DD5317B00AD2BEF /* Assets.xcassets in Resources */,
				83E172931DD5317B00AD2BEF /* Main.storyboard in Resources */,
			);
			runOnlyForDeploymentPostprocessing = 0;
		};
		83E1729F1DD5317B00AD2BEF /* Resources */ = {
			isa = PBXResourcesBuildPhase;
			buildActionMask = 2147483647;
			files = (
			);
			runOnlyForDeploymentPostprocessing = 0;
		};
		83E172AA1DD5317B00AD2BEF /* Resources */ = {
			isa = PBXResourcesBuildPhase;
			buildActionMask = 2147483647;
			files = (
			);
			runOnlyForDeploymentPostprocessing = 0;
		};
/* End PBXResourcesBuildPhase section */

/* Begin PBXShellScriptBuildPhase section */
		127C207B8DD3CBDF992259C2 /* [CP] Check Pods Manifest.lock */ = {
			isa = PBXShellScriptBuildPhase;
			buildActionMask = 2147483647;
			files = (
			);
			inputPaths = (
			);
			name = "[CP] Check Pods Manifest.lock";
			outputPaths = (
			);
			runOnlyForDeploymentPostprocessing = 0;
			shellPath = /bin/sh;
			shellScript = "diff \"${PODS_ROOT}/../Podfile.lock\" \"${PODS_ROOT}/Manifest.lock\" > /dev/null\nif [ $? != 0 ] ; then\n    # print error to STDERR\n    echo \"error: The sandbox is not in sync with the Podfile.lock. Run 'pod install' or update your CocoaPods installation.\" >&2\n    exit 1\nfi\n";
			showEnvVarsInLog = 0;
		};
		1733A0DF88A2AC87E7C38B16 /* [CP] Embed Pods Frameworks */ = {
			isa = PBXShellScriptBuildPhase;
			buildActionMask = 2147483647;
			files = (
			);
			inputPaths = (
			);
			name = "[CP] Embed Pods Frameworks";
			outputPaths = (
			);
			runOnlyForDeploymentPostprocessing = 0;
			shellPath = /bin/sh;
			shellScript = "\"${SRCROOT}/Pods/Target Support Files/Pods-1 GallonUITests/Pods-1 GallonUITests-frameworks.sh\"\n";
			showEnvVarsInLog = 0;
		};
		35B1B782D633CFD6E5EC9388 /* [CP] Copy Pods Resources */ = {
			isa = PBXShellScriptBuildPhase;
			buildActionMask = 2147483647;
			files = (
			);
			inputPaths = (
			);
			name = "[CP] Copy Pods Resources";
			outputPaths = (
			);
			runOnlyForDeploymentPostprocessing = 0;
			shellPath = /bin/sh;
			shellScript = "\"${SRCROOT}/Pods/Target Support Files/Pods-1 GallonUITests/Pods-1 GallonUITests-resources.sh\"\n";
			showEnvVarsInLog = 0;
		};
		514FCED920E1FAB60EB2BE9F /* [CP] Check Pods Manifest.lock */ = {
			isa = PBXShellScriptBuildPhase;
			buildActionMask = 2147483647;
			files = (
			);
			inputPaths = (
			);
			name = "[CP] Check Pods Manifest.lock";
			outputPaths = (
			);
			runOnlyForDeploymentPostprocessing = 0;
			shellPath = /bin/sh;
			shellScript = "diff \"${PODS_ROOT}/../Podfile.lock\" \"${PODS_ROOT}/Manifest.lock\" > /dev/null\nif [ $? != 0 ] ; then\n    # print error to STDERR\n    echo \"error: The sandbox is not in sync with the Podfile.lock. Run 'pod install' or update your CocoaPods installation.\" >&2\n    exit 1\nfi\n";
			showEnvVarsInLog = 0;
		};
		666C8157C9E5DE519520C65F /* [CP] Check Pods Manifest.lock */ = {
			isa = PBXShellScriptBuildPhase;
			buildActionMask = 2147483647;
			files = (
			);
			inputPaths = (
			);
			name = "[CP] Check Pods Manifest.lock";
			outputPaths = (
			);
			runOnlyForDeploymentPostprocessing = 0;
			shellPath = /bin/sh;
			shellScript = "diff \"${PODS_ROOT}/../Podfile.lock\" \"${PODS_ROOT}/Manifest.lock\" > /dev/null\nif [ $? != 0 ] ; then\n    # print error to STDERR\n    echo \"error: The sandbox is not in sync with the Podfile.lock. Run 'pod install' or update your CocoaPods installation.\" >&2\n    exit 1\nfi\n";
			showEnvVarsInLog = 0;
		};
		7998D3814B77183F0DC94099 /* [CP] Embed Pods Frameworks */ = {
			isa = PBXShellScriptBuildPhase;
			buildActionMask = 2147483647;
			files = (
			);
			inputPaths = (
			);
			name = "[CP] Embed Pods Frameworks";
			outputPaths = (
			);
			runOnlyForDeploymentPostprocessing = 0;
			shellPath = /bin/sh;
			shellScript = "\"${SRCROOT}/Pods/Target Support Files/Pods-1 GallonTests/Pods-1 GallonTests-frameworks.sh\"\n";
			showEnvVarsInLog = 0;
		};
		87D99C0B6FE0E33C304B591E /* [CP] Copy Pods Resources */ = {
			isa = PBXShellScriptBuildPhase;
			buildActionMask = 2147483647;
			files = (
			);
			inputPaths = (
			);
			name = "[CP] Copy Pods Resources";
			outputPaths = (
			);
			runOnlyForDeploymentPostprocessing = 0;
			shellPath = /bin/sh;
			shellScript = "\"${SRCROOT}/Pods/Target Support Files/Pods-1 Gallon/Pods-1 Gallon-resources.sh\"\n";
			showEnvVarsInLog = 0;
		};
		AF7822BDA6A60E4A1ED21882 /* [CP] Embed Pods Frameworks */ = {
			isa = PBXShellScriptBuildPhase;
			buildActionMask = 2147483647;
			files = (
			);
			inputPaths = (
			);
			name = "[CP] Embed Pods Frameworks";
			outputPaths = (
			);
			runOnlyForDeploymentPostprocessing = 0;
			shellPath = /bin/sh;
			shellScript = "\"${SRCROOT}/Pods/Target Support Files/Pods-1 Gallon/Pods-1 Gallon-frameworks.sh\"\n";
			showEnvVarsInLog = 0;
		};
		B0B80023C5CA6D7381FB3FA2 /* [CP] Copy Pods Resources */ = {
			isa = PBXShellScriptBuildPhase;
			buildActionMask = 2147483647;
			files = (
			);
			inputPaths = (
			);
			name = "[CP] Copy Pods Resources";
			outputPaths = (
			);
			runOnlyForDeploymentPostprocessing = 0;
			shellPath = /bin/sh;
			shellScript = "\"${SRCROOT}/Pods/Target Support Files/Pods-1 GallonTests/Pods-1 GallonTests-resources.sh\"\n";
			showEnvVarsInLog = 0;
		};
/* End PBXShellScriptBuildPhase section */

/* Begin PBXSourcesBuildPhase section */
		83E172861DD5317A00AD2BEF /* Sources */ = {
			isa = PBXSourcesBuildPhase;
			buildActionMask = 2147483647;
			files = (
				83E172901DD5317B00AD2BEF /* ViewController.swift in Sources */,
				83B24CBF1DEA6ECA0010C029 /* TypeTableViewCell.swift in Sources */,
				83E1728E1DD5317B00AD2BEF /* AppDelegate.swift in Sources */,
				83E172961DD5317B00AD2BEF /* __Gallon.xcdatamodeld in Sources */,
				8388F6991DEA503F00DC1056 /* DrinkLogTableViewCell.swift in Sources */,
				83B24CC11DEA6EDE0010C029 /* SettingsViewController.swift in Sources */,
			);
			runOnlyForDeploymentPostprocessing = 0;
		};
		83E1729D1DD5317B00AD2BEF /* Sources */ = {
			isa = PBXSourcesBuildPhase;
			buildActionMask = 2147483647;
			files = (
				83E172A61DD5317B00AD2BEF /* __GallonTests.swift in Sources */,
			);
			runOnlyForDeploymentPostprocessing = 0;
		};
		83E172A81DD5317B00AD2BEF /* Sources */ = {
			isa = PBXSourcesBuildPhase;
			buildActionMask = 2147483647;
			files = (
				83E172B11DD5317B00AD2BEF /* __GallonUITests.swift in Sources */,
			);
			runOnlyForDeploymentPostprocessing = 0;
		};
/* End PBXSourcesBuildPhase section */

/* Begin PBXTargetDependency section */
		83E172A31DD5317B00AD2BEF /* PBXTargetDependency */ = {
			isa = PBXTargetDependency;
			target = 83E172891DD5317A00AD2BEF /* 1 Gallon */;
			targetProxy = 83E172A21DD5317B00AD2BEF /* PBXContainerItemProxy */;
		};
		83E172AE1DD5317B00AD2BEF /* PBXTargetDependency */ = {
			isa = PBXTargetDependency;
			target = 83E172891DD5317A00AD2BEF /* 1 Gallon */;
			targetProxy = 83E172AD1DD5317B00AD2BEF /* PBXContainerItemProxy */;
		};
/* End PBXTargetDependency section */

/* Begin PBXVariantGroup section */
		83E172911DD5317B00AD2BEF /* Main.storyboard */ = {
			isa = PBXVariantGroup;
			children = (
				83E172921DD5317B00AD2BEF /* Base */,
			);
			name = Main.storyboard;
			sourceTree = "<group>";
		};
		83E172991DD5317B00AD2BEF /* LaunchScreen.storyboard */ = {
			isa = PBXVariantGroup;
			children = (
				83E1729A1DD5317B00AD2BEF /* Base */,
			);
			name = LaunchScreen.storyboard;
			sourceTree = "<group>";
		};
/* End PBXVariantGroup section */

/* Begin XCBuildConfiguration section */
		83E172B31DD5317B00AD2BEF /* Debug */ = {
			isa = XCBuildConfiguration;
			buildSettings = {
				ALWAYS_SEARCH_USER_PATHS = NO;
				CLANG_ANALYZER_NONNULL = YES;
				CLANG_CXX_LANGUAGE_STANDARD = "gnu++0x";
				CLANG_CXX_LIBRARY = "libc++";
				CLANG_ENABLE_MODULES = YES;
				CLANG_ENABLE_OBJC_ARC = YES;
				CLANG_WARN_BOOL_CONVERSION = YES;
				CLANG_WARN_CONSTANT_CONVERSION = YES;
				CLANG_WARN_DIRECT_OBJC_ISA_USAGE = YES_ERROR;
				CLANG_WARN_DOCUMENTATION_COMMENTS = YES;
				CLANG_WARN_EMPTY_BODY = YES;
				CLANG_WARN_ENUM_CONVERSION = YES;
				CLANG_WARN_INFINITE_RECURSION = YES;
				CLANG_WARN_INT_CONVERSION = YES;
				CLANG_WARN_OBJC_ROOT_CLASS = YES_ERROR;
				CLANG_WARN_SUSPICIOUS_MOVES = YES;
				CLANG_WARN_UNREACHABLE_CODE = YES;
				CLANG_WARN__DUPLICATE_METHOD_MATCH = YES;
				"CODE_SIGN_IDENTITY[sdk=iphoneos*]" = "iPhone Developer";
				COPY_PHASE_STRIP = NO;
				DEBUG_INFORMATION_FORMAT = dwarf;
				ENABLE_STRICT_OBJC_MSGSEND = YES;
				ENABLE_TESTABILITY = YES;
				GCC_C_LANGUAGE_STANDARD = gnu99;
				GCC_DYNAMIC_NO_PIC = NO;
				GCC_NO_COMMON_BLOCKS = YES;
				GCC_OPTIMIZATION_LEVEL = 0;
				GCC_PREPROCESSOR_DEFINITIONS = (
					"DEBUG=1",
					"$(inherited)",
				);
				GCC_WARN_64_TO_32_BIT_CONVERSION = YES;
				GCC_WARN_ABOUT_RETURN_TYPE = YES_ERROR;
				GCC_WARN_UNDECLARED_SELECTOR = YES;
				GCC_WARN_UNINITIALIZED_AUTOS = YES_AGGRESSIVE;
				GCC_WARN_UNUSED_FUNCTION = YES;
				GCC_WARN_UNUSED_VARIABLE = YES;
				IPHONEOS_DEPLOYMENT_TARGET = 10.1;
				MTL_ENABLE_DEBUG_INFO = YES;
				ONLY_ACTIVE_ARCH = YES;
				SDKROOT = iphoneos;
				SWIFT_ACTIVE_COMPILATION_CONDITIONS = DEBUG;
				SWIFT_OPTIMIZATION_LEVEL = "-Onone";
			};
			name = Debug;
		};
		83E172B41DD5317B00AD2BEF /* Release */ = {
			isa = XCBuildConfiguration;
			buildSettings = {
				ALWAYS_SEARCH_USER_PATHS = NO;
				CLANG_ANALYZER_NONNULL = YES;
				CLANG_CXX_LANGUAGE_STANDARD = "gnu++0x";
				CLANG_CXX_LIBRARY = "libc++";
				CLANG_ENABLE_MODULES = YES;
				CLANG_ENABLE_OBJC_ARC = YES;
				CLANG_WARN_BOOL_CONVERSION = YES;
				CLANG_WARN_CONSTANT_CONVERSION = YES;
				CLANG_WARN_DIRECT_OBJC_ISA_USAGE = YES_ERROR;
				CLANG_WARN_DOCUMENTATION_COMMENTS = YES;
				CLANG_WARN_EMPTY_BODY = YES;
				CLANG_WARN_ENUM_CONVERSION = YES;
				CLANG_WARN_INFINITE_RECURSION = YES;
				CLANG_WARN_INT_CONVERSION = YES;
				CLANG_WARN_OBJC_ROOT_CLASS = YES_ERROR;
				CLANG_WARN_SUSPICIOUS_MOVES = YES;
				CLANG_WARN_UNREACHABLE_CODE = YES;
				CLANG_WARN__DUPLICATE_METHOD_MATCH = YES;
				"CODE_SIGN_IDENTITY[sdk=iphoneos*]" = "iPhone Developer";
				COPY_PHASE_STRIP = NO;
				DEBUG_INFORMATION_FORMAT = "dwarf-with-dsym";
				ENABLE_NS_ASSERTIONS = NO;
				ENABLE_STRICT_OBJC_MSGSEND = YES;
				GCC_C_LANGUAGE_STANDARD = gnu99;
				GCC_NO_COMMON_BLOCKS = YES;
				GCC_WARN_64_TO_32_BIT_CONVERSION = YES;
				GCC_WARN_ABOUT_RETURN_TYPE = YES_ERROR;
				GCC_WARN_UNDECLARED_SELECTOR = YES;
				GCC_WARN_UNINITIALIZED_AUTOS = YES_AGGRESSIVE;
				GCC_WARN_UNUSED_FUNCTION = YES;
				GCC_WARN_UNUSED_VARIABLE = YES;
				IPHONEOS_DEPLOYMENT_TARGET = 10.1;
				MTL_ENABLE_DEBUG_INFO = NO;
				SDKROOT = iphoneos;
				SWIFT_OPTIMIZATION_LEVEL = "-Owholemodule";
				VALIDATE_PRODUCT = YES;
			};
			name = Release;
		};
		83E172B61DD5317B00AD2BEF /* Debug */ = {
			isa = XCBuildConfiguration;
			baseConfigurationReference = 59B51B2D3947B0A1B8B1D14B /* Pods-1 Gallon.debug.xcconfig */;
			buildSettings = {
				ASSETCATALOG_COMPILER_APPICON_NAME = AppIcon;
				DEVELOPMENT_TEAM = XHYYL9F4G2;
				INFOPLIST_FILE = "1 Gallon/Info.plist";
				IPHONEOS_DEPLOYMENT_TARGET = 8.0;
				LD_RUNPATH_SEARCH_PATHS = "$(inherited) @executable_path/Frameworks";
				PRODUCT_BUNDLE_IDENTIFIER = com.aloalabs.1Gallon;
				PRODUCT_NAME = "$(TARGET_NAME)";
				SWIFT_VERSION = 3.0;
			};
			name = Debug;
		};
		83E172B71DD5317B00AD2BEF /* Release */ = {
			isa = XCBuildConfiguration;
			baseConfigurationReference = 8BD0420EAB59514DEE9B75A1 /* Pods-1 Gallon.release.xcconfig */;
			buildSettings = {
				ASSETCATALOG_COMPILER_APPICON_NAME = AppIcon;
				DEVELOPMENT_TEAM = XHYYL9F4G2;
				INFOPLIST_FILE = "1 Gallon/Info.plist";
				IPHONEOS_DEPLOYMENT_TARGET = 8.0;
				LD_RUNPATH_SEARCH_PATHS = "$(inherited) @executable_path/Frameworks";
				PRODUCT_BUNDLE_IDENTIFIER = com.aloalabs.1Gallon;
				PRODUCT_NAME = "$(TARGET_NAME)";
				SWIFT_VERSION = 3.0;
			};
			name = Release;
		};
		83E172B91DD5317B00AD2BEF /* Debug */ = {
			isa = XCBuildConfiguration;
			baseConfigurationReference = 6A367F6F6BD07E1A16EF9634 /* Pods-1 GallonTests.debug.xcconfig */;
			buildSettings = {
				ALWAYS_EMBED_SWIFT_STANDARD_LIBRARIES = YES;
				BUNDLE_LOADER = "$(TEST_HOST)";
				DEVELOPMENT_TEAM = XHYYL9F4G2;
				INFOPLIST_FILE = "1 GallonTests/Info.plist";
				LD_RUNPATH_SEARCH_PATHS = "$(inherited) @executable_path/Frameworks @loader_path/Frameworks";
				PRODUCT_BUNDLE_IDENTIFIER = "com.aloalabs.--GallonTests";
				PRODUCT_NAME = "$(TARGET_NAME)";
				SWIFT_VERSION = 3.0;
				TEST_HOST = "$(BUILT_PRODUCTS_DIR)/1 Gallon.app/1 Gallon";
			};
			name = Debug;
		};
		83E172BA1DD5317B00AD2BEF /* Release */ = {
			isa = XCBuildConfiguration;
			baseConfigurationReference = 074DDAA0F3126D4C682F6F79 /* Pods-1 GallonTests.release.xcconfig */;
			buildSettings = {
				ALWAYS_EMBED_SWIFT_STANDARD_LIBRARIES = YES;
				BUNDLE_LOADER = "$(TEST_HOST)";
				DEVELOPMENT_TEAM = XHYYL9F4G2;
				INFOPLIST_FILE = "1 GallonTests/Info.plist";
				LD_RUNPATH_SEARCH_PATHS = "$(inherited) @executable_path/Frameworks @loader_path/Frameworks";
				PRODUCT_BUNDLE_IDENTIFIER = "com.aloalabs.--GallonTests";
				PRODUCT_NAME = "$(TARGET_NAME)";
				SWIFT_VERSION = 3.0;
				TEST_HOST = "$(BUILT_PRODUCTS_DIR)/1 Gallon.app/1 Gallon";
			};
			name = Release;
		};
		83E172BC1DD5317B00AD2BEF /* Debug */ = {
			isa = XCBuildConfiguration;
			baseConfigurationReference = CF0CC5D7968060BCA9658AA1 /* Pods-1 GallonUITests.debug.xcconfig */;
			buildSettings = {
				ALWAYS_EMBED_SWIFT_STANDARD_LIBRARIES = YES;
				DEVELOPMENT_TEAM = XHYYL9F4G2;
				INFOPLIST_FILE = "1 GallonUITests/Info.plist";
				LD_RUNPATH_SEARCH_PATHS = "$(inherited) @executable_path/Frameworks @loader_path/Frameworks";
				PRODUCT_BUNDLE_IDENTIFIER = "com.aloalabs.--GallonUITests";
				PRODUCT_NAME = "$(TARGET_NAME)";
				SWIFT_VERSION = 3.0;
				TEST_TARGET_NAME = "1 Gallon";
			};
			name = Debug;
		};
		83E172BD1DD5317B00AD2BEF /* Release */ = {
			isa = XCBuildConfiguration;
			baseConfigurationReference = EA53C9B5AC13E7F3928F472D /* Pods-1 GallonUITests.release.xcconfig */;
			buildSettings = {
				ALWAYS_EMBED_SWIFT_STANDARD_LIBRARIES = YES;
				DEVELOPMENT_TEAM = XHYYL9F4G2;
				INFOPLIST_FILE = "1 GallonUITests/Info.plist";
				LD_RUNPATH_SEARCH_PATHS = "$(inherited) @executable_path/Frameworks @loader_path/Frameworks";
				PRODUCT_BUNDLE_IDENTIFIER = "com.aloalabs.--GallonUITests";
				PRODUCT_NAME = "$(TARGET_NAME)";
				SWIFT_VERSION = 3.0;
				TEST_TARGET_NAME = "1 Gallon";
			};
			name = Release;
		};
/* End XCBuildConfiguration section */

/* Begin XCConfigurationList section */
		83E172851DD5317A00AD2BEF /* Build configuration list for PBXProject "1 Gallon" */ = {
			isa = XCConfigurationList;
			buildConfigurations = (
				83E172B31DD5317B00AD2BEF /* Debug */,
				83E172B41DD5317B00AD2BEF /* Release */,
			);
			defaultConfigurationIsVisible = 0;
			defaultConfigurationName = Release;
		};
		83E172B51DD5317B00AD2BEF /* Build configuration list for PBXNativeTarget "1 Gallon" */ = {
			isa = XCConfigurationList;
			buildConfigurations = (
				83E172B61DD5317B00AD2BEF /* Debug */,
				83E172B71DD5317B00AD2BEF /* Release */,
			);
			defaultConfigurationIsVisible = 0;
			defaultConfigurationName = Release;
		};
		83E172B81DD5317B00AD2BEF /* Build configuration list for PBXNativeTarget "1 GallonTests" */ = {
			isa = XCConfigurationList;
			buildConfigurations = (
				83E172B91DD5317B00AD2BEF /* Debug */,
				83E172BA1DD5317B00AD2BEF /* Release */,
			);
			defaultConfigurationIsVisible = 0;
			defaultConfigurationName = Release;
		};
		83E172BB1DD5317B00AD2BEF /* Build configuration list for PBXNativeTarget "1 GallonUITests" */ = {
			isa = XCConfigurationList;
			buildConfigurations = (
				83E172BC1DD5317B00AD2BEF /* Debug */,
				83E172BD1DD5317B00AD2BEF /* Release */,
			);
			defaultConfigurationIsVisible = 0;
			defaultConfigurationName = Release;
		};
/* End XCConfigurationList section */

/* Begin XCVersionGroup section */
		83E172941DD5317B00AD2BEF /* __Gallon.xcdatamodeld */ = {
			isa = XCVersionGroup;
			children = (
				83E172951DD5317B00AD2BEF /* __Gallon.xcdatamodel */,
			);
			currentVersion = 83E172951DD5317B00AD2BEF /* __Gallon.xcdatamodel */;
			path = __Gallon.xcdatamodeld;
			sourceTree = "<group>";
			versionGroupType = wrapper.xcdatamodel;
		};
/* End XCVersionGroup section */
	};
	rootObject = 83E172821DD5317A00AD2BEF /* Project object */;
}
